
Microsoft Visual Studio Solution File, Format Version 12.00
# Visual Studio Version 17
VisualStudioVersion = 17.1.32421.90
MinimumVisualStudioVersion = 10.0.40219.1
Project("{9A19103F-16F7-4668-BE54-9A1E7A4F7556}") = "SuggestionAppUI", "SuggestionAppUI\SuggestionAppUI.csproj", "{AC1F5D65-0F0B-4FD2-84F1-3B231FB4C4CA}"
EndProject
Project("{9A19103F-16F7-4668-BE54-9A1E7A4F7556}") = "SuggestionAppLibrary", "SuggestionAppLibrary\SuggestionAppLibrary.csproj", "{3ED2B48B-5787-4BAD-B58F-FC1DF8A8DE86}"
EndProject
Project("{2150E333-8FDC-42A3-9474-1A3956D46DE8}") = "Solution Items", "Solution Items", "{FEFE1815-6976-44AD-BE75-E3998F44FABB}"
	ProjectSection(SolutionItems) = preProject
		.editorconfig = .editorconfig
	EndProjectSection
EndProject
Global
	GlobalSection(SolutionConfigurationPlatforms) = preSolution
		Debug|Any CPU = Debug|Any CPU
		Release|Any CPU = Release|Any CPU
	EndGlobalSection
	GlobalSection(ProjectConfigurationPlatforms) = postSolution
		{AC1F5D65-0F0B-4FD2-84F1-3B231FB4C4CA}.Debug|Any CPU.ActiveCfg = Debug|Any CPU
		{AC1F5D65-0F0B-4FD2-84F1-3B231FB4C4CA}.Debug|Any CPU.Build.0 = Debug|Any CPU
		{AC1F5D65-0F0B-4FD2-84F1-3B231FB4C4CA}.Release|Any CPU.ActiveCfg = Release|Any CPU
		{AC1F5D65-0F0B-4FD2-84F1-3B231FB4C4CA}.Release|Any CPU.Build.0 = Release|Any CPU
		{3ED2B48B-5787-4BAD-B58F-FC1DF8A8DE86}.Debug|Any CPU.ActiveCfg = Debug|Any CPU
		{3ED2B48B-5787-4BAD-B58F-FC1DF8A8DE86}.Debug|Any CPU.Build.0 = Debug|Any CPU
		{3ED2B48B-5787-4BAD-B58F-FC1DF8A8DE86}.Release|Any CPU.ActiveCfg = Release|Any CPU
		{3ED2B48B-5787-4BAD-B58F-FC1DF8A8DE86}.Release|Any CPU.Build.0 = Release|Any CPU
	EndGlobalSection
	GlobalSection(SolutionProperties) = preSolution
		HideSolutionNode = FALSE
	EndGlobalSection
	GlobalSection(ExtensibilityGlobals) = postSolution
		SolutionGuid = {02168943-38C4-43CB-9D60-B67C7467D6A7}
	EndGlobalSection
EndGlobal
